// !$*UTF8*$!
{
	archiveVersion = 1;
	classes = {
	};
	objectVersion = 56;
	objects = {

/* Begin PBXBuildFile section */
		A32FA3302BF0C2A200A3B798 /* PopsaTestApp.swift in Sources */ = {isa = PBXBuildFile; fileRef = A32FA32F2BF0C2A200A3B798 /* PopsaTestApp.swift */; };
		A32FA3342BF0C2A500A3B798 /* Assets.xcassets in Resources */ = {isa = PBXBuildFile; fileRef = A32FA3332BF0C2A500A3B798 /* Assets.xcassets */; };
		A32FA3372BF0C2A500A3B798 /* Preview Assets.xcassets in Resources */ = {isa = PBXBuildFile; fileRef = A32FA3362BF0C2A500A3B798 /* Preview Assets.xcassets */; };
		A32FA3422BF0C37900A3B798 /* HomeScreen.swift in Sources */ = {isa = PBXBuildFile; fileRef = A32FA3412BF0C37900A3B798 /* HomeScreen.swift */; };
		A32FA3442BF0C3FE00A3B798 /* PhotoService.swift in Sources */ = {isa = PBXBuildFile; fileRef = A32FA3432BF0C3FE00A3B798 /* PhotoService.swift */; };
		A32FA3462BF0CB6100A3B798 /* HomeViewModel.swift in Sources */ = {isa = PBXBuildFile; fileRef = A32FA3452BF0CB6100A3B798 /* HomeViewModel.swift */; };
		A32FA34B2BF0D8CB00A3B798 /* ThumbnailView.swift in Sources */ = {isa = PBXBuildFile; fileRef = A32FA34A2BF0D8CB00A3B798 /* ThumbnailView.swift */; };
		A32FA34D2BF0E51200A3B798 /* InjectionKey.swift in Sources */ = {isa = PBXBuildFile; fileRef = A32FA34C2BF0E51200A3B798 /* InjectionKey.swift */; };
		A32FA3502BF0E58F00A3B798 /* InjectedValues.swift in Sources */ = {isa = PBXBuildFile; fileRef = A32FA34F2BF0E58F00A3B798 /* InjectedValues.swift */; };
		A32FA3522BF0E5E600A3B798 /* Injected.swift in Sources */ = {isa = PBXBuildFile; fileRef = A32FA3512BF0E5E600A3B798 /* Injected.swift */; };
/* End PBXBuildFile section */

/* Begin PBXFileReference section */
		A32FA32C2BF0C2A200A3B798 /* PopsaTest.app */ = {isa = PBXFileReference; explicitFileType = wrapper.application; includeInIndex = 0; path = PopsaTest.app; sourceTree = BUILT_PRODUCTS_DIR; };
		A32FA32F2BF0C2A200A3B798 /* PopsaTestApp.swift */ = {isa = PBXFileReference; lastKnownFileType = sourcecode.swift; path = PopsaTestApp.swift; sourceTree = "<group>"; };
		A32FA3332BF0C2A500A3B798 /* Assets.xcassets */ = {isa = PBXFileReference; lastKnownFileType = folder.assetcatalog; path = Assets.xcassets; sourceTree = "<group>"; };
		A32FA3362BF0C2A500A3B798 /* Preview Assets.xcassets */ = {isa = PBXFileReference; lastKnownFileType = folder.assetcatalog; path = "Preview Assets.xcassets"; sourceTree = "<group>"; };
		A32FA3412BF0C37900A3B798 /* HomeScreen.swift */ = {isa = PBXFileReference; lastKnownFileType = sourcecode.swift; path = HomeScreen.swift; sourceTree = "<group>"; };
		A32FA3432BF0C3FE00A3B798 /* PhotoService.swift */ = {isa = PBXFileReference; lastKnownFileType = sourcecode.swift; path = PhotoService.swift; sourceTree = "<group>"; };
		A32FA3452BF0CB6100A3B798 /* HomeViewModel.swift */ = {isa = PBXFileReference; lastKnownFileType = sourcecode.swift; path = HomeViewModel.swift; sourceTree = "<group>"; };
		A32FA34A2BF0D8CB00A3B798 /* ThumbnailView.swift */ = {isa = PBXFileReference; lastKnownFileType = sourcecode.swift; path = ThumbnailView.swift; sourceTree = "<group>"; };
		A32FA34C2BF0E51200A3B798 /* InjectionKey.swift */ = {isa = PBXFileReference; lastKnownFileType = sourcecode.swift; path = InjectionKey.swift; sourceTree = "<group>"; };
		A32FA34F2BF0E58F00A3B798 /* InjectedValues.swift */ = {isa = PBXFileReference; lastKnownFileType = sourcecode.swift; path = InjectedValues.swift; sourceTree = "<group>"; };
		A32FA3512BF0E5E600A3B798 /* Injected.swift */ = {isa = PBXFileReference; lastKnownFileType = sourcecode.swift; path = Injected.swift; sourceTree = "<group>"; };
/* End PBXFileReference section */

/* Begin PBXFrameworksBuildPhase section */
		A32FA3292BF0C2A200A3B798 /* Frameworks */ = {
			isa = PBXFrameworksBuildPhase;
			buildActionMask = 2147483647;
			files = (
			);
			runOnlyForDeploymentPostprocessing = 0;
		};
/* End PBXFrameworksBuildPhase section */

/* Begin PBXGroup section */
		A32FA3232BF0C2A200A3B798 = {
			isa = PBXGroup;
			children = (
				A32FA32E2BF0C2A200A3B798 /* PopsaTest */,
				A32FA32D2BF0C2A200A3B798 /* Products */,
			);
			sourceTree = "<group>";
		};
		A32FA32D2BF0C2A200A3B798 /* Products */ = {
			isa = PBXGroup;
			children = (
				A32FA32C2BF0C2A200A3B798 /* PopsaTest.app */,
			);
			name = Products;
			sourceTree = "<group>";
		};
		A32FA32E2BF0C2A200A3B798 /* PopsaTest */ = {
			isa = PBXGroup;
			children = (
				A32FA33D2BF0C2B100A3B798 /* UI */,
				A32FA33F2BF0C2C400A3B798 /* Support */,
				A32FA33E2BF0C2B900A3B798 /* Service */,
				A32FA32F2BF0C2A200A3B798 /* PopsaTestApp.swift */,
				A32FA3332BF0C2A500A3B798 /* Assets.xcassets */,
				A32FA3352BF0C2A500A3B798 /* Preview Content */,
			);
			path = PopsaTest;
			sourceTree = "<group>";
		};
		A32FA3352BF0C2A500A3B798 /* Preview Content */ = {
			isa = PBXGroup;
			children = (
				A32FA3362BF0C2A500A3B798 /* Preview Assets.xcassets */,
			);
			path = "Preview Content";
			sourceTree = "<group>";
		};
		A32FA33D2BF0C2B100A3B798 /* UI */ = {
			isa = PBXGroup;
			children = (
				A32FA3402BF0C36A00A3B798 /* Home */,
			);
			path = UI;
			sourceTree = "<group>";
		};
		A32FA33E2BF0C2B900A3B798 /* Service */ = {
			isa = PBXGroup;
			children = (
				A32FA3432BF0C3FE00A3B798 /* PhotoService.swift */,
			);
			path = Service;
			sourceTree = "<group>";
		};
		A32FA33F2BF0C2C400A3B798 /* Support */ = {
			isa = PBXGroup;
			children = (
				A32FA34E2BF0E58200A3B798 /* DI */,
			);
			path = Support;
			sourceTree = "<group>";
		};
		A32FA3402BF0C36A00A3B798 /* Home */ = {
			isa = PBXGroup;
			children = (
				A32FA3412BF0C37900A3B798 /* HomeScreen.swift */,
				A32FA3452BF0CB6100A3B798 /* HomeViewModel.swift */,
				A32FA34A2BF0D8CB00A3B798 /* ThumbnailView.swift */,
			);
			path = Home;
			sourceTree = "<group>";
		};
		A32FA34E2BF0E58200A3B798 /* DI */ = {
			isa = PBXGroup;
			children = (
				A32FA34C2BF0E51200A3B798 /* InjectionKey.swift */,
				A32FA34F2BF0E58F00A3B798 /* InjectedValues.swift */,
				A32FA3512BF0E5E600A3B798 /* Injected.swift */,
			);
			path = DI;
			sourceTree = "<group>";
		};
/* End PBXGroup section */

/* Begin PBXNativeTarget section */
		A32FA32B2BF0C2A200A3B798 /* PopsaTest */ = {
			isa = PBXNativeTarget;
			buildConfigurationList = A32FA33A2BF0C2A500A3B798 /* Build configuration list for PBXNativeTarget "PopsaTest" */;
			buildPhases = (
				A32FA3282BF0C2A200A3B798 /* Sources */,
				A32FA3292BF0C2A200A3B798 /* Frameworks */,
				A32FA32A2BF0C2A200A3B798 /* Resources */,
			);
			buildRules = (
			);
			dependencies = (
			);
			name = PopsaTest;
			productName = PopsaTest;
			productReference = A32FA32C2BF0C2A200A3B798 /* PopsaTest.app */;
			productType = "com.apple.product-type.application";
		};
/* End PBXNativeTarget section */

/* Begin PBXProject section */
		A32FA3242BF0C2A200A3B798 /* Project object */ = {
			isa = PBXProject;
			attributes = {
				BuildIndependentTargetsInParallel = 1;
				LastSwiftUpdateCheck = 1520;
				LastUpgradeCheck = 1520;
				TargetAttributes = {
					A32FA32B2BF0C2A200A3B798 = {
						CreatedOnToolsVersion = 15.2;
					};
				};
			};
			buildConfigurationList = A32FA3272BF0C2A200A3B798 /* Build configuration list for PBXProject "PopsaTest" */;
			compatibilityVersion = "Xcode 14.0";
			developmentRegion = en;
			hasScannedForEncodings = 0;
			knownRegions = (
				en,
				Base,
			);
			mainGroup = A32FA3232BF0C2A200A3B798;
			productRefGroup = A32FA32D2BF0C2A200A3B798 /* Products */;
			projectDirPath = "";
			projectRoot = "";
			targets = (
				A32FA32B2BF0C2A200A3B798 /* PopsaTest */,
			);
		};
/* End PBXProject section */

/* Begin PBXResourcesBuildPhase section */
		A32FA32A2BF0C2A200A3B798 /* Resources */ = {
			isa = PBXResourcesBuildPhase;
			buildActionMask = 2147483647;
			files = (
				A32FA3372BF0C2A500A3B798 /* Preview Assets.xcassets in Resources */,
				A32FA3342BF0C2A500A3B798 /* Assets.xcassets in Resources */,
			);
			runOnlyForDeploymentPostprocessing = 0;
		};
/* End PBXResourcesBuildPhase section */

/* Begin PBXSourcesBuildPhase section */
		A32FA3282BF0C2A200A3B798 /* Sources */ = {
			isa = PBXSourcesBuildPhase;
			buildActionMask = 2147483647;
			files = (
				A32FA3422BF0C37900A3B798 /* HomeScreen.swift in Sources */,
				A32FA34D2BF0E51200A3B798 /* InjectionKey.swift in Sources */,
				A32FA3302BF0C2A200A3B798 /* PopsaTestApp.swift in Sources */,
				A32FA3502BF0E58F00A3B798 /* InjectedValues.swift in Sources */,
				A32FA34B2BF0D8CB00A3B798 /* ThumbnailView.swift in Sources */,
				A32FA3442BF0C3FE00A3B798 /* PhotoService.swift in Sources */,
				A32FA3462BF0CB6100A3B798 /* HomeViewModel.swift in Sources */,
				A32FA3522BF0E5E600A3B798 /* Injected.swift in Sources */,
			);
			runOnlyForDeploymentPostprocessing = 0;
		};
/* End PBXSourcesBuildPhase section */

/* Begin XCBuildConfiguration section */
		A32FA3382BF0C2A500A3B798 /* Debug */ = {
			isa = XCBuildConfiguration;
			buildSettings = {
				ALWAYS_SEARCH_USER_PATHS = NO;
				ASSETCATALOG_COMPILER_GENERATE_SWIFT_ASSET_SYMBOL_EXTENSIONS = YES;
				CLANG_ANALYZER_NONNULL = YES;
				CLANG_ANALYZER_NUMBER_OBJECT_CONVERSION = YES_AGGRESSIVE;
				CLANG_CXX_LANGUAGE_STANDARD = "gnu++20";
				CLANG_ENABLE_MODULES = YES;
				CLANG_ENABLE_OBJC_ARC = YES;
				CLANG_ENABLE_OBJC_WEAK = YES;
				CLANG_WARN_BLOCK_CAPTURE_AUTORELEASING = YES;
				CLANG_WARN_BOOL_CONVERSION = YES;
				CLANG_WARN_COMMA = YES;
				CLANG_WARN_CONSTANT_CONVERSION = YES;
				CLANG_WARN_DEPRECATED_OBJC_IMPLEMENTATIONS = YES;
				CLANG_WARN_DIRECT_OBJC_ISA_USAGE = YES_ERROR;
				CLANG_WARN_DOCUMENTATION_COMMENTS = YES;
				CLANG_WARN_EMPTY_BODY = YES;
				CLANG_WARN_ENUM_CONVERSION = YES;
				CLANG_WARN_INFINITE_RECURSION = YES;
				CLANG_WARN_INT_CONVERSION = YES;
				CLANG_WARN_NON_LITERAL_NULL_CONVERSION = YES;
				CLANG_WARN_OBJC_IMPLICIT_RETAIN_SELF = YES;
				CLANG_WARN_OBJC_LITERAL_CONVERSION = YES;
				CLANG_WARN_OBJC_ROOT_CLASS = YES_ERROR;
				CLANG_WARN_QUOTED_INCLUDE_IN_FRAMEWORK_HEADER = YES;
				CLANG_WARN_RANGE_LOOP_ANALYSIS = YES;
				CLANG_WARN_STRICT_PROTOTYPES = YES;
				CLANG_WARN_SUSPICIOUS_MOVE = YES;
				CLANG_WARN_UNGUARDED_AVAILABILITY = YES_AGGRESSIVE;
				CLANG_WARN_UNREACHABLE_CODE = YES;
				CLANG_WARN__DUPLICATE_METHOD_MATCH = YES;
				COPY_PHASE_STRIP = NO;
				DEBUG_INFORMATION_FORMAT = dwarf;
				ENABLE_STRICT_OBJC_MSGSEND = YES;
				ENABLE_TESTABILITY = YES;
				ENABLE_USER_SCRIPT_SANDBOXING = YES;
				GCC_C_LANGUAGE_STANDARD = gnu17;
				GCC_DYNAMIC_NO_PIC = NO;
				GCC_NO_COMMON_BLOCKS = YES;
				GCC_OPTIMIZATION_LEVEL = 0;
				GCC_PREPROCESSOR_DEFINITIONS = (
					"DEBUG=1",
					"$(inherited)",
				);
				GCC_WARN_64_TO_32_BIT_CONVERSION = YES;
				GCC_WARN_ABOUT_RETURN_TYPE = YES_ERROR;
				GCC_WARN_UNDECLARED_SELECTOR = YES;
				GCC_WARN_UNINITIALIZED_AUTOS = YES_AGGRESSIVE;
				GCC_WARN_UNUSED_FUNCTION = YES;
				GCC_WARN_UNUSED_VARIABLE = YES;
				IPHONEOS_DEPLOYMENT_TARGET = 17.2;
				LOCALIZATION_PREFERS_STRING_CATALOGS = YES;
				MTL_ENABLE_DEBUG_INFO = INCLUDE_SOURCE;
				MTL_FAST_MATH = YES;
				ONLY_ACTIVE_ARCH = YES;
				SDKROOT = iphoneos;
				SWIFT_ACTIVE_COMPILATION_CONDITIONS = "DEBUG $(inherited)";
				SWIFT_OPTIMIZATION_LEVEL = "-Onone";
			};
			name = Debug;
		};
		A32FA3392BF0C2A500A3B798 /* Release */ = {
			isa = XCBuildConfiguration;
			buildSettings = {
				ALWAYS_SEARCH_USER_PATHS = NO;
				ASSETCATALOG_COMPILER_GENERATE_SWIFT_ASSET_SYMBOL_EXTENSIONS = YES;
				CLANG_ANALYZER_NONNULL = YES;
				CLANG_ANALYZER_NUMBER_OBJECT_CONVERSION = YES_AGGRESSIVE;
				CLANG_CXX_LANGUAGE_STANDARD = "gnu++20";
				CLANG_ENABLE_MODULES = YES;
				CLANG_ENABLE_OBJC_ARC = YES;
				CLANG_ENABLE_OBJC_WEAK = YES;
				CLANG_WARN_BLOCK_CAPTURE_AUTORELEASING = YES;
				CLANG_WARN_BOOL_CONVERSION = YES;
				CLANG_WARN_COMMA = YES;
				CLANG_WARN_CONSTANT_CONVERSION = YES;
				CLANG_WARN_DEPRECATED_OBJC_IMPLEMENTATIONS = YES;
				CLANG_WARN_DIRECT_OBJC_ISA_USAGE = YES_ERROR;
				CLANG_WARN_DOCUMENTATION_COMMENTS = YES;
				CLANG_WARN_EMPTY_BODY = YES;
				CLANG_WARN_ENUM_CONVERSION = YES;
				CLANG_WARN_INFINITE_RECURSION = YES;
				CLANG_WARN_INT_CONVERSION = YES;
				CLANG_WARN_NON_LITERAL_NULL_CONVERSION = YES;
				CLANG_WARN_OBJC_IMPLICIT_RETAIN_SELF = YES;
				CLANG_WARN_OBJC_LITERAL_CONVERSION = YES;
				CLANG_WARN_OBJC_ROOT_CLASS = YES_ERROR;
				CLANG_WARN_QUOTED_INCLUDE_IN_FRAMEWORK_HEADER = YES;
				CLANG_WARN_RANGE_LOOP_ANALYSIS = YES;
				CLANG_WARN_STRICT_PROTOTYPES = YES;
				CLANG_WARN_SUSPICIOUS_MOVE = YES;
				CLANG_WARN_UNGUARDED_AVAILABILITY = YES_AGGRESSIVE;
				CLANG_WARN_UNREACHABLE_CODE = YES;
				CLANG_WARN__DUPLICATE_METHOD_MATCH = YES;
				COPY_PHASE_STRIP = NO;
				DEBUG_INFORMATION_FORMAT = "dwarf-with-dsym";
				ENABLE_NS_ASSERTIONS = NO;
				ENABLE_STRICT_OBJC_MSGSEND = YES;
				ENABLE_USER_SCRIPT_SANDBOXING = YES;
				GCC_C_LANGUAGE_STANDARD = gnu17;
				GCC_NO_COMMON_BLOCKS = YES;
				GCC_WARN_64_TO_32_BIT_CONVERSION = YES;
				GCC_WARN_ABOUT_RETURN_TYPE = YES_ERROR;
				GCC_WARN_UNDECLARED_SELECTOR = YES;
				GCC_WARN_UNINITIALIZED_AUTOS = YES_AGGRESSIVE;
				GCC_WARN_UNUSED_FUNCTION = YES;
				GCC_WARN_UNUSED_VARIABLE = YES;
				IPHONEOS_DEPLOYMENT_TARGET = 17.2;
				LOCALIZATION_PREFERS_STRING_CATALOGS = YES;
				MTL_ENABLE_DEBUG_INFO = NO;
				MTL_FAST_MATH = YES;
				SDKROOT = iphoneos;
				SWIFT_COMPILATION_MODE = wholemodule;
				VALIDATE_PRODUCT = YES;
			};
			name = Release;
		};
		A32FA33B2BF0C2A500A3B798 /* Debug */ = {
			isa = XCBuildConfiguration;
			buildSettings = {
				ASSETCATALOG_COMPILER_APPICON_NAME = AppIcon;
				ASSETCATALOG_COMPILER_GLOBAL_ACCENT_COLOR_NAME = AccentColor;
				CODE_SIGN_STYLE = Automatic;
				CURRENT_PROJECT_VERSION = 1;
				DEVELOPMENT_ASSET_PATHS = "\"PopsaTest/Preview Content\"";
				DEVELOPMENT_TEAM = 7RDN9NJ4XP;
				ENABLE_PREVIEWS = YES;
				GENERATE_INFOPLIST_FILE = YES;
				INFOPLIST_KEY_NSPhotoLibraryUsageDescription = "We need access to display your recent photos";
				INFOPLIST_KEY_UIApplicationSceneManifest_Generation = YES;
				INFOPLIST_KEY_UIApplicationSupportsIndirectInputEvents = YES;
				INFOPLIST_KEY_UILaunchScreen_Generation = YES;
				INFOPLIST_KEY_UISupportedInterfaceOrientations_iPad = "UIInterfaceOrientationPortrait UIInterfaceOrientationPortraitUpsideDown UIInterfaceOrientationLandscapeLeft UIInterfaceOrientationLandscapeRight";
				INFOPLIST_KEY_UISupportedInterfaceOrientations_iPhone = "UIInterfaceOrientationPortrait UIInterfaceOrientationLandscapeLeft UIInterfaceOrientationLandscapeRight";
				IPHONEOS_DEPLOYMENT_TARGET = 16.4;
				LD_RUNPATH_SEARCH_PATHS = (
					"$(inherited)",
					"@executable_path/Frameworks",
				);
				MARKETING_VERSION = 1.0;
				PRODUCT_BUNDLE_IDENTIFIER = com.vijaykumar.dinesh.PopsaTest;
				PRODUCT_NAME = "$(TARGET_NAME)";
				SUPPORTED_PLATFORMS = "iphoneos iphonesimulator";
				SUPPORTS_MACCATALYST = NO;
				SUPPORTS_MAC_DESIGNED_FOR_IPHONE_IPAD = NO;
				SUPPORTS_XR_DESIGNED_FOR_IPHONE_IPAD = NO;
				SWIFT_EMIT_LOC_STRINGS = YES;
				SWIFT_VERSION = 5.0;
				TARGETED_DEVICE_FAMILY = "1,2";
			};
			name = Debug;
		};
		A32FA33C2BF0C2A500A3B798 /* Release */ = {
			isa = XCBuildConfiguration;
			buildSettings = {
				ASSETCATALOG_COMPILER_APPICON_NAME = AppIcon;
				ASSETCATALOG_COMPILER_GLOBAL_ACCENT_COLOR_NAME = AccentColor;
				CODE_SIGN_STYLE = Automatic;
				CURRENT_PROJECT_VERSION = 1;
				DEVELOPMENT_ASSET_PATHS = "\"PopsaTest/Preview Content\"";
				DEVELOPMENT_TEAM = 7RDN9NJ4XP;
				ENABLE_PREVIEWS = YES;
				GENERATE_INFOPLIST_FILE = YES;
				INFOPLIST_KEY_NSPhotoLibraryUsageDescription = "We need access to display your recent photos";
				INFOPLIST_KEY_UIApplicationSceneManifest_Generation = YES;
				INFOPLIST_KEY_UIApplicationSupportsIndirectInputEvents = YES;
				INFOPLIST_KEY_UILaunchScreen_Generation = YES;
				INFOPLIST_KEY_UISupportedInterfaceOrientations_iPad = "UIInterfaceOrientationPortrait UIInterfaceOrientationPortraitUpsideDown UIInterfaceOrientationLandscapeLeft UIInterfaceOrientationLandscapeRight";
				INFOPLIST_KEY_UISupportedInterfaceOrientations_iPhone = "UIInterfaceOrientationPortrait UIInterfaceOrientationLandscapeLeft UIInterfaceOrientationLandscapeRight";
				IPHONEOS_DEPLOYMENT_TARGET = 16.4;
				LD_RUNPATH_SEARCH_PATHS = (
					"$(inherited)",
					"@executable_path/Frameworks",
				);
				MARKETING_VERSION = 1.0;
				PRODUCT_BUNDLE_IDENTIFIER = com.vijaykumar.dinesh.PopsaTest;
				PRODUCT_NAME = "$(TARGET_NAME)";
				SUPPORTED_PLATFORMS = "iphoneos iphonesimulator";
				SUPPORTS_MACCATALYST = NO;
				SUPPORTS_MAC_DESIGNED_FOR_IPHONE_IPAD = NO;
				SUPPORTS_XR_DESIGNED_FOR_IPHONE_IPAD = NO;
				SWIFT_EMIT_LOC_STRINGS = YES;
				SWIFT_VERSION = 5.0;
				TARGETED_DEVICE_FAMILY = "1,2";
			};
			name = Release;
		};
/* End XCBuildConfiguration section */

/* Begin XCConfigurationList section */
		A32FA3272BF0C2A200A3B798 /* Build configuration list for PBXProject "PopsaTest" */ = {
			isa = XCConfigurationList;
			buildConfigurations = (
				A32FA3382BF0C2A500A3B798 /* Debug */,
				A32FA3392BF0C2A500A3B798 /* Release */,
			);
			defaultConfigurationIsVisible = 0;
			defaultConfigurationName = Release;
		};
		A32FA33A2BF0C2A500A3B798 /* Build configuration list for PBXNativeTarget "PopsaTest" */ = {
			isa = XCConfigurationList;
			buildConfigurations = (
				A32FA33B2BF0C2A500A3B798 /* Debug */,
				A32FA33C2BF0C2A500A3B798 /* Release */,
			);
			defaultConfigurationIsVisible = 0;
			defaultConfigurationName = Release;
		};
/* End XCConfigurationList section */
	};
	rootObject = A32FA3242BF0C2A200A3B798 /* Project object */;
}
